{
  "name": "exercise7",
  "version": "0.0.1",
  "lockfileVersion": 1,
  "requires": true,
  "dependencies": {
    "marked": {
      "version": "0.3.19",
      "resolved": "http://registry.npm.taobao.org/marked/download/marked-0.3.19.tgz",
      "integrity": "sha1-XUf3CcTJ/Dwha21GEnKA9As515A=",
      "dev": true
    }
  }
}
